
Microsoft Visual Studio Solution File, Format Version 12.00
# Visual Studio Version 17
VisualStudioVersion = 17.7.34202.233
MinimumVisualStudioVersion = 10.0.40219.1
Project("{FAE04EC0-301F-11D3-BF4B-00C04F79EFBC}") = "PaginaPIA", "PaginaPIA\PaginaPIA.csproj", "{FCE8124B-DE52-4029-9D53-9AB44862DA40}"
EndProject
Global
	GlobalSection(SolutionConfigurationPlatforms) = preSolution
		Debug|Any CPU = Debug|Any CPU
		Release|Any CPU = Release|Any CPU
	EndGlobalSection
	GlobalSection(ProjectConfigurationPlatforms) = postSolution
		{FCE8124B-DE52-4029-9D53-9AB44862DA40}.Debug|Any CPU.ActiveCfg = Debug|Any CPU
		{FCE8124B-DE52-4029-9D53-9AB44862DA40}.Debug|Any CPU.Build.0 = Debug|Any CPU
		{FCE8124B-DE52-4029-9D53-9AB44862DA40}.Release|Any CPU.ActiveCfg = Release|Any CPU
		{FCE8124B-DE52-4029-9D53-9AB44862DA40}.Release|Any CPU.Build.0 = Release|Any CPU
	EndGlobalSection
	GlobalSection(SolutionProperties) = preSolution
		HideSolutionNode = FALSE
	EndGlobalSection
	GlobalSection(ExtensibilityGlobals) = postSolution
		SolutionGuid = {EBD59173-9207-4E76-8A38-389570AB51FA}
	EndGlobalSection
EndGlobal
